
Microsoft Visual Studio Solution File, Format Version 11.00
# Visual Studio 2010
Project("{FAE04EC0-301F-11D3-BF4B-00C04F79EFBC}") = "Assembly-CSharp", "Assembly-CSharp.csproj", "{aea4f7f5-b0b9-c167-131c-bfdc17e894f1}"
EndProject
Project("{FAE04EC0-301F-11D3-BF4B-00C04F79EFBC}") = "Assembly-CSharp-Editor", "Assembly-CSharp-Editor.csproj", "{a8fac77f-7b23-204a-825d-be010fe10ba5}"
EndProject
Global
	GlobalSection(SolutionConfigurationPlatforms) = preSolution
		Debug|Any CPU = Debug|Any CPU
		Release|Any CPU = Release|Any CPU
	EndGlobalSection
	GlobalSection(ProjectConfigurationPlatforms) = postSolution
		{aea4f7f5-b0b9-c167-131c-bfdc17e894f1}.Debug|Any CPU.ActiveCfg = Debug|Any CPU
		{aea4f7f5-b0b9-c167-131c-bfdc17e894f1}.Debug|Any CPU.Build.0 = Debug|Any CPU
		{aea4f7f5-b0b9-c167-131c-bfdc17e894f1}.Release|Any CPU.ActiveCfg = Release|Any CPU
		{aea4f7f5-b0b9-c167-131c-bfdc17e894f1}.Release|Any CPU.Build.0 = Release|Any CPU
		{a8fac77f-7b23-204a-825d-be010fe10ba5}.Debug|Any CPU.ActiveCfg = Debug|Any CPU
		{a8fac77f-7b23-204a-825d-be010fe10ba5}.Debug|Any CPU.Build.0 = Debug|Any CPU
		{a8fac77f-7b23-204a-825d-be010fe10ba5}.Release|Any CPU.ActiveCfg = Release|Any CPU
		{a8fac77f-7b23-204a-825d-be010fe10ba5}.Release|Any CPU.Build.0 = Release|Any CPU
	EndGlobalSection
	GlobalSection(SolutionProperties) = preSolution
		HideSolutionNode = FALSE
	EndGlobalSection
EndGlobal
